{
  "nodes": {
    "ironclaw-src": {
      "flake": false,
      "locked": {
        "lastModified": 1778812226,
        "narHash": "sha256-XZYGW8ZL/qCvUSh8Rk7Y5GJ6BQc5BkOBbWTZp/a9V7c=",
        "owner": "nearai",
        "repo": "ironclaw",
        "rev": "faf2ed446534a4bb403b375da05061ed636427fb",
        "type": "github"
      },
      "original": {
        "owner": "nearai",
        "ref": "ironclaw-v0.28.2",
        "repo": "ironclaw",
        "type": "github"
      }
    },
    "ironclaw-src-v0_27_0": {
      "flake": false,
      "locked": {
        "lastModified": 1777442503,
        "narHash": "sha256-dCXnsoruv6aargIEcQlGnZ62m6N59TAsoxiWULat5+Q=",
        "owner": "nearai",
        "repo": "ironclaw",
        "rev": "93c7d6a484237999a7a202efd6d54f70d785c0b7",
        "type": "github"
      },
      "original": {
        "owner": "nearai",
        "repo": "ironclaw",
        "rev": "93c7d6a484237999a7a202efd6d54f70d785c0b7",
        "type": "github"
      }
    },
    "ironclaw-src-v0_28_1": {
      "flake": false,
      "locked": {
        "lastModified": 1778533194,
        "narHash": "sha256-5UP6+nYg960z0XjVFI/V8EfXlE0I9E76OKSpapPGp2U=",
        "owner": "nearai",
        "repo": "ironclaw",
        "rev": "11aa7e3f246bb993de0d50b38413afd883c301ed",
        "type": "github"
      },
      "original": {
        "owner": "nearai",
        "repo": "ironclaw",
        "rev": "11aa7e3f246bb993de0d50b38413afd883c301ed",
        "type": "github"
      }
    },
    "nixpkgs": {
      "locked": {
        "lastModified": 1776548001,
        "narHash": "sha256-ZSK0NL4a1BwVbbTBoSnWgbJy9HeZFXLYQizjb2DPF24=",
        "owner": "NixOS",
        "repo": "nixpkgs",
        "rev": "b12141ef619e0a9c1c84dc8c684040326f27cdcc",
        "type": "github"
      },
      "original": {
        "owner": "NixOS",
        "ref": "nixos-unstable",
        "repo": "nixpkgs",
        "type": "github"
      }
    },
    "root": {
      "inputs": {
        "ironclaw-src": "ironclaw-src",
        "ironclaw-src-v0_27_0": "ironclaw-src-v0_27_0",
        "ironclaw-src-v0_28_1": "ironclaw-src-v0_28_1",
        "nixpkgs": "nixpkgs"
      }
    }
  },
  "root": "root",
  "version": 7
}
